
Microsoft Visual Studio Solution File, Format Version 12.00
# Visual Studio Version 17
VisualStudioVersion = 17.5.33516.290
MinimumVisualStudioVersion = 10.0.40219.1
Project("{9A19103F-16F7-4668-BE54-9A1E7A4F7556}") = "Expert.WebShop.Vjezbe", "Expert.WebShop.Vjezbe\Expert.WebShop.Vjezbe.csproj", "{38236A79-1ED5-4BF7-93AD-90382F3A38EE}"
EndProject
Global
	GlobalSection(SolutionConfigurationPlatforms) = preSolution
		Debug|Any CPU = Debug|Any CPU
		Release|Any CPU = Release|Any CPU
	EndGlobalSection
	GlobalSection(ProjectConfigurationPlatforms) = postSolution
		{38236A79-1ED5-4BF7-93AD-90382F3A38EE}.Debug|Any CPU.ActiveCfg = Debug|Any CPU
		{38236A79-1ED5-4BF7-93AD-90382F3A38EE}.Debug|Any CPU.Build.0 = Debug|Any CPU
		{38236A79-1ED5-4BF7-93AD-90382F3A38EE}.Release|Any CPU.ActiveCfg = Release|Any CPU
		{38236A79-1ED5-4BF7-93AD-90382F3A38EE}.Release|Any CPU.Build.0 = Release|Any CPU
	EndGlobalSection
	GlobalSection(SolutionProperties) = preSolution
		HideSolutionNode = FALSE
	EndGlobalSection
	GlobalSection(ExtensibilityGlobals) = postSolution
		SolutionGuid = {EBF248C4-9FDC-4653-ABAA-AD86E2619596}
	EndGlobalSection
EndGlobal
